<?xml version="1.0" encoding="utf-8"?>
<Project ToolsVersion="4.0" xmlns="http://schemas.microsoft.com/developer/msbuild/2003">
  <ItemGroup>
    <Filter Include="LocalInterfaces">
      <UniqueIdentifier>{2409bc5c-0471-4dae-b2eb-f80cf42e6a89}</UniqueIdentifier>
    </Filter>
    <Filter Include="src">
      <UniqueIdentifier>{499dc34f-e18b-4fb9-9761-fe1b76de26c8}</UniqueIdentifier>
    </Filter>
  </ItemGroup>
  <ItemGroup>
    <ClCompile Include="..\..\..\CAAVisualization.edu\CAAVisManagerAppli.m\src\CAAVisManagerApplication.cpp">
      <Filter>src</Filter>
    </ClCompile>
    <ClCompile Include="..\..\..\CAAVisualization.edu\CAAVisManagerAppli.m\src\CAAVisManagerApplicationFrame.cpp">
      <Filter>src</Filter>
    </ClCompile>
    <ClCompile Include="..\..\..\CAAVisualization.edu\CAAVisManagerAppli.m\src\CAAVisManagerCGRDocument.cpp">
      <Filter>src</Filter>
    </ClCompile>
    <ClCompile Include="..\..\..\CAAVisualization.edu\CAAVisManagerAppli.m\src\CAAVisManagerCmdSelector.cpp">
      <Filter>src</Filter>
    </ClCompile>
    <ClCompile Include="..\..\..\CAAVisualization.edu\CAAVisManagerAppli.m\src\CAAVisManagerCxtMenu.cpp">
      <Filter>src</Filter>
    </ClCompile>
    <ClCompile Include="..\..\..\CAAVisualization.edu\CAAVisManagerAppli.m\src\CAAVisManagerDefaultDocument.cpp">
      <Filter>src</Filter>
    </ClCompile>
    <ClCompile Include="..\..\..\CAAVisualization.edu\CAAVisManagerAppli.m\src\CAAVisManagerDocument.cpp">
      <Filter>src</Filter>
    </ClCompile>
    <ClCompile Include="..\..\..\CAAVisualization.edu\CAAVisManagerAppli.m\src\CAAVisManagerEditor.cpp">
      <Filter>src</Filter>
    </ClCompile>
    <ClCompile Include="..\..\..\CAAVisualization.edu\CAAVisManagerAppli.m\src\CAAVisManagerWindow.cpp">
      <Filter>src</Filter>
    </ClCompile>
    <ClCompile Include="..\..\..\CAAVisualization.edu\CAAVisManagerAppli.m\src\CAAVisManagerWindowActivateNotif.cpp">
      <Filter>src</Filter>
    </ClCompile>
    <ClCompile Include="..\..\..\CAAVisualization.edu\CAAVisManagerAppli.m\src\CAAVisManagerWindowDeleteNotif.cpp">
      <Filter>src</Filter>
    </ClCompile>
    <ClInclude Include="..\..\..\CAAVisualization.edu\CAAVisManagerAppli.m\LocalInterfaces\CAAVisManagerApplication.h">
      <Filter>LocalInterfaces</Filter>
    </ClInclude>
    <ClInclude Include="..\..\..\CAAVisualization.edu\CAAVisManagerAppli.m\LocalInterfaces\CAAVisManagerApplicationFrame.h">
      <Filter>LocalInterfaces</Filter>
    </ClInclude>
    <ClInclude Include="..\..\..\CAAVisualization.edu\CAAVisManagerAppli.m\LocalInterfaces\CAAVisManagerCGRDocument.h">
      <Filter>LocalInterfaces</Filter>
    </ClInclude>
    <ClInclude Include="..\..\..\CAAVisualization.edu\CAAVisManagerAppli.m\LocalInterfaces\CAAVisManagerCmdSelector.h">
      <Filter>LocalInterfaces</Filter>
    </ClInclude>
    <ClInclude Include="..\..\..\CAAVisualization.edu\CAAVisManagerAppli.m\LocalInterfaces\CAAVisManagerCxtMenu.h">
      <Filter>LocalInterfaces</Filter>
    </ClInclude>
    <ClInclude Include="..\..\..\CAAVisualization.edu\CAAVisManagerAppli.m\LocalInterfaces\CAAVisManagerDefaultDocument.h">
      <Filter>LocalInterfaces</Filter>
    </ClInclude>
    <ClInclude Include="..\..\..\CAAVisualization.edu\CAAVisManagerAppli.m\LocalInterfaces\CAAVisManagerDocument.h">
      <Filter>LocalInterfaces</Filter>
    </ClInclude>
    <ClInclude Include="..\..\..\CAAVisualization.edu\CAAVisManagerAppli.m\LocalInterfaces\CAAVisManagerEditor.h">
      <Filter>LocalInterfaces</Filter>
    </ClInclude>
    <ClInclude Include="..\..\..\CAAVisualization.edu\CAAVisManagerAppli.m\LocalInterfaces\CAAVisManagerWindow.h">
      <Filter>LocalInterfaces</Filter>
    </ClInclude>
    <ClInclude Include="..\..\..\CAAVisualization.edu\CAAVisManagerAppli.m\LocalInterfaces\CAAVisManagerWindowActivateNotif.h">
      <Filter>LocalInterfaces</Filter>
    </ClInclude>
    <ClInclude Include="..\..\..\CAAVisualization.edu\CAAVisManagerAppli.m\LocalInterfaces\CAAVisManagerWindowDeleteNotif.h">
      <Filter>LocalInterfaces</Filter>
    </ClInclude>
    <None Include="..\..\..\CAAVisualization.edu\CAAVisManagerAppli.m\Imakefile.mk">
      <Filter>
      </Filter>
    </None>
  </ItemGroup>
</Project>