<?xml version="1.0" encoding="utf-8"?>
<Project ToolsVersion="4.0" xmlns="http://schemas.microsoft.com/developer/msbuild/2003">
  <ItemGroup>
    <Filter Include="LocalInterfaces">
      <UniqueIdentifier>{5b95df40-bf28-4934-81b7-48e16eacdf0d}</UniqueIdentifier>
    </Filter>
    <Filter Include="src">
      <UniqueIdentifier>{58a58658-3f99-425b-8590-89f879c1b3bc}</UniqueIdentifier>
    </Filter>
  </ItemGroup>
  <ItemGroup>
    <ClCompile Include="..\..\..\CAAVisualization.edu\CAAVisBasics.m\src\CAAVisBaseApplication.cpp">
      <Filter>src</Filter>
    </ClCompile>
    <ClCompile Include="..\..\..\CAAVisualization.edu\CAAVisBasics.m\src\CAAVisBaseApplicationFrame.cpp">
      <Filter>src</Filter>
    </ClCompile>
    <ClCompile Include="..\..\..\CAAVisualization.edu\CAAVisBasics.m\src\CAAVisBaseBERender.cpp">
      <Filter>src</Filter>
    </ClCompile>
    <ClCompile Include="..\..\..\CAAVisualization.edu\CAAVisBasics.m\src\CAAVisBaseCGRDocument.cpp">
      <Filter>src</Filter>
    </ClCompile>
    <ClCompile Include="..\..\..\CAAVisualization.edu\CAAVisBasics.m\src\CAAVisBaseCreateObjectNotification.cpp">
      <Filter>src</Filter>
    </ClCompile>
    <ClCompile Include="..\..\..\CAAVisualization.edu\CAAVisBasics.m\src\CAAVisBaseDefaultDocument.cpp">
      <Filter>src</Filter>
    </ClCompile>
    <ClCompile Include="..\..\..\CAAVisualization.edu\CAAVisBasics.m\src\CAAVisBaseDocument.cpp">
      <Filter>src</Filter>
    </ClCompile>
    <ClCompile Include="..\..\..\CAAVisualization.edu\CAAVisBasics.m\src\CAAVisBaseExitNotification.cpp">
      <Filter>src</Filter>
    </ClCompile>
    <ClCompile Include="..\..\..\CAAVisualization.edu\CAAVisBasics.m\src\CAAVisBaseInsertNotification.cpp">
      <Filter>src</Filter>
    </ClCompile>
    <ClCompile Include="..\..\..\CAAVisualization.edu\CAAVisBasics.m\src\CAAVisBaseManipulatorNotification.cpp">
      <Filter>src</Filter>
    </ClCompile>
    <ClCompile Include="..\..\..\CAAVisualization.edu\CAAVisBasics.m\src\CAAVisBaseModifyViewpointNotification.cpp">
      <Filter>src</Filter>
    </ClCompile>
    <ClCompile Include="..\..\..\CAAVisualization.edu\CAAVisBasics.m\src\CAAVisBaseNewViewpointNotification.cpp">
      <Filter>src</Filter>
    </ClCompile>
    <ClCompile Include="..\..\..\CAAVisualization.edu\CAAVisBasics.m\src\CAAVisBaseOpenNotification.cpp">
      <Filter>src</Filter>
    </ClCompile>
    <ClCompile Include="..\..\..\CAAVisualization.edu\CAAVisBasics.m\src\CAAVisBaseReframeNotification.cpp">
      <Filter>src</Filter>
    </ClCompile>
    <ClCompile Include="..\..\..\CAAVisualization.edu\CAAVisBasics.m\src\CAAVisBaseRenderBENotification.cpp">
      <Filter>src</Filter>
    </ClCompile>
    <ClCompile Include="..\..\..\CAAVisualization.edu\CAAVisBasics.m\src\CAAVisBaseView.cpp">
      <Filter>src</Filter>
    </ClCompile>
    <ClCompile Include="..\..\..\CAAVisualization.edu\CAAVisBasics.m\src\CAAVisBaseViewpointDlg.cpp">
      <Filter>src</Filter>
    </ClCompile>
    <ClCompile Include="..\..\..\CAAVisualization.edu\CAAVisBasics.m\src\CAAVisBaseVisuObjectDocument.cpp">
      <Filter>src</Filter>
    </ClCompile>
    <ClInclude Include="..\..\..\CAAVisualization.edu\CAAVisBasics.m\LocalInterfaces\CAAVisBaseApplication.h">
      <Filter>LocalInterfaces</Filter>
    </ClInclude>
    <ClInclude Include="..\..\..\CAAVisualization.edu\CAAVisBasics.m\LocalInterfaces\CAAVisBaseApplicationFrame.h">
      <Filter>LocalInterfaces</Filter>
    </ClInclude>
    <ClInclude Include="..\..\..\CAAVisualization.edu\CAAVisBasics.m\LocalInterfaces\CAAVisBaseBERender.h">
      <Filter>LocalInterfaces</Filter>
    </ClInclude>
    <ClInclude Include="..\..\..\CAAVisualization.edu\CAAVisBasics.m\LocalInterfaces\CAAVisBaseCGRDocument.h">
      <Filter>LocalInterfaces</Filter>
    </ClInclude>
    <ClInclude Include="..\..\..\CAAVisualization.edu\CAAVisBasics.m\LocalInterfaces\CAAVisBaseCreateObjectNotification.h">
      <Filter>LocalInterfaces</Filter>
    </ClInclude>
    <ClInclude Include="..\..\..\CAAVisualization.edu\CAAVisBasics.m\LocalInterfaces\CAAVisBaseDefaultDocument.h">
      <Filter>LocalInterfaces</Filter>
    </ClInclude>
    <ClInclude Include="..\..\..\CAAVisualization.edu\CAAVisBasics.m\LocalInterfaces\CAAVisBaseDocument.h">
      <Filter>LocalInterfaces</Filter>
    </ClInclude>
    <ClInclude Include="..\..\..\CAAVisualization.edu\CAAVisBasics.m\LocalInterfaces\CAAVisBaseExitNotification.h">
      <Filter>LocalInterfaces</Filter>
    </ClInclude>
    <ClInclude Include="..\..\..\CAAVisualization.edu\CAAVisBasics.m\LocalInterfaces\CAAVisBaseInsertNotification.h">
      <Filter>LocalInterfaces</Filter>
    </ClInclude>
    <ClInclude Include="..\..\..\CAAVisualization.edu\CAAVisBasics.m\LocalInterfaces\CAAVisBaseManipulatorNotification.h">
      <Filter>LocalInterfaces</Filter>
    </ClInclude>
    <ClInclude Include="..\..\..\CAAVisualization.edu\CAAVisBasics.m\LocalInterfaces\CAAVisBaseModifyViewpointNotification.h">
      <Filter>LocalInterfaces</Filter>
    </ClInclude>
    <ClInclude Include="..\..\..\CAAVisualization.edu\CAAVisBasics.m\LocalInterfaces\CAAVisBaseNewViewpointNotification.h">
      <Filter>LocalInterfaces</Filter>
    </ClInclude>
    <ClInclude Include="..\..\..\CAAVisualization.edu\CAAVisBasics.m\LocalInterfaces\CAAVisBaseOpenNotification.h">
      <Filter>LocalInterfaces</Filter>
    </ClInclude>
    <ClInclude Include="..\..\..\CAAVisualization.edu\CAAVisBasics.m\LocalInterfaces\CAAVisBaseReframeNotification.h">
      <Filter>LocalInterfaces</Filter>
    </ClInclude>
    <ClInclude Include="..\..\..\CAAVisualization.edu\CAAVisBasics.m\LocalInterfaces\CAAVisBaseRenderBENotification.h">
      <Filter>LocalInterfaces</Filter>
    </ClInclude>
    <ClInclude Include="..\..\..\CAAVisualization.edu\CAAVisBasics.m\LocalInterfaces\CAAVisBaseView.h">
      <Filter>LocalInterfaces</Filter>
    </ClInclude>
    <ClInclude Include="..\..\..\CAAVisualization.edu\CAAVisBasics.m\LocalInterfaces\CAAVisBaseViewpointDlg.h">
      <Filter>LocalInterfaces</Filter>
    </ClInclude>
    <ClInclude Include="..\..\..\CAAVisualization.edu\CAAVisBasics.m\LocalInterfaces\CAAVisBaseVisuObjectDocument.h">
      <Filter>LocalInterfaces</Filter>
    </ClInclude>
    <None Include="..\..\..\CAAVisualization.edu\CAAVisBasics.m\Imakefile.mk">
      <Filter>
      </Filter>
    </None>
  </ItemGroup>
</Project>