<?xml version="1.0" encoding="utf-8"?>
<Project ToolsVersion="4.0" xmlns="http://schemas.microsoft.com/developer/msbuild/2003">
  <ItemGroup>
    <Filter Include="LocalInterfaces">
      <UniqueIdentifier>{e011ef6a-8b70-44d5-89f2-9e9d2e3e41c4}</UniqueIdentifier>
    </Filter>
    <Filter Include="src">
      <UniqueIdentifier>{1919873b-373a-4e4e-8d95-68c6c4bf63bd}</UniqueIdentifier>
    </Filter>
  </ItemGroup>
  <ItemGroup>
    <ClCompile Include="..\..\..\CAAVisualization.edu\CAAVisRep.m\src\CAAVisRepApplication.cpp">
      <Filter>src</Filter>
    </ClCompile>
    <ClCompile Include="..\..\..\CAAVisualization.edu\CAAVisRep.m\src\CAAVisRepWindow.cpp">
      <Filter>src</Filter>
    </ClCompile>
    <ClInclude Include="..\..\..\CAAVisualization.edu\CAAVisRep.m\LocalInterfaces\CAAVisRepApplication.h">
      <Filter>LocalInterfaces</Filter>
    </ClInclude>
    <ClInclude Include="..\..\..\CAAVisualization.edu\CAAVisRep.m\LocalInterfaces\CAAVisRepWindow.h">
      <Filter>LocalInterfaces</Filter>
    </ClInclude>
    <None Include="..\..\..\CAAVisualization.edu\CAAVisRep.m\Imakefile.mk">
      <Filter>
      </Filter>
    </None>
  </ItemGroup>
</Project>