<?xml version="1.0" encoding="utf-8"?>
<Project ToolsVersion="4.0" xmlns="http://schemas.microsoft.com/developer/msbuild/2003">
  <ItemGroup>
    <Filter Include="LocalInterfaces">
      <UniqueIdentifier>{1dfd10b6-09a5-46c3-8e3e-315f0124a7b7}</UniqueIdentifier>
    </Filter>
    <Filter Include="src">
      <UniqueIdentifier>{593ec6eb-7a8d-460c-9c07-8bbafe9d752f}</UniqueIdentifier>
    </Filter>
  </ItemGroup>
  <ItemGroup>
    <ClCompile Include="..\..\..\CAAApplicationFrame.edu\CAAAfrGeoCreationWkbAddin.m\src\CAAAfrGeoOperationAdn.cpp">
      <Filter>src</Filter>
    </ClCompile>
    <ClInclude Include="..\..\..\CAAApplicationFrame.edu\CAAAfrGeoCreationWkbAddin.m\LocalInterfaces\CAAAfrGeoOperationAdn.h">
      <Filter>LocalInterfaces</Filter>
    </ClInclude>
    <None Include="..\..\..\CAAApplicationFrame.edu\CAAAfrGeoCreationWkbAddin.m\Imakefile.mk">
      <Filter>
      </Filter>
    </None>
  </ItemGroup>
</Project>