
Microsoft Visual Studio Solution File, Format Version 12.00
# Visual Studio 2012
Project("{2150E333-8FDC-42A3-9474-1A3956D46DE8}") = "FW_CAADialogEngine.edu", "FW_CAADialogEngine.edu", "{741ECE01-4FCC-4682-A6B2-8A416CD184C6}"
EndProject
Project("{8BC9CEB8-8B4A-11D0-8D11-00A0C91BC942}") = "CAADialogEngine.edu", "CAADialogEngine.edu.vcxproj", "{D1E7089F-697F-43C3-BED1-92DD952222DA}"
EndProject
Project("{8BC9CEB8-8B4A-11D0-8D11-00A0C91BC942}") = "CAADegGeoCommands.m", "CAADialogEngine.edu\CAADegGeoCommands.m.vcxproj", "{FF78B046-B774-45A0-A14A-C5FD877DE24A}"
EndProject
Project("{8BC9CEB8-8B4A-11D0-8D11-00A0C91BC942}") = "CAADegMultiDocCmd.m", "CAADialogEngine.edu\CAADegMultiDocCmd.m.vcxproj", "{93B3C9F2-072D-41B3-BA8B-1757ADAC53D7}"
EndProject
Project("{8BC9CEB8-8B4A-11D0-8D11-00A0C91BC942}") = "CAADegSDOAddin.m", "CAADialogEngine.edu\CAADegSDOAddin.m.vcxproj", "{002A1B52-A2BB-4AC9-9F66-12F953F2B200}"
EndProject
Project("{2150E333-8FDC-42A3-9474-1A3956D46DE8}") = "FW_CAAApplicationFrame.edu", "FW_CAAApplicationFrame.edu", "{0C9063A8-ADAF-4452-9E94-B1A25CB97C4C}"
EndProject
Project("{8BC9CEB8-8B4A-11D0-8D11-00A0C91BC942}") = "CAAApplicationFrame.edu", "CAAApplicationFrame.edu.vcxproj", "{4D86A664-A8C9-4BF0-95A9-36376F9D1B17}"
EndProject
Project("{8BC9CEB8-8B4A-11D0-8D11-00A0C91BC942}") = "CAAAfrCustCommandHdrModel.m", "CAAApplicationFrame.edu\CAAAfrCustCommandHdrModel.m.vcxproj", "{9D7D2138-99C8-47C5-845C-AB4860D6D2E2}"
EndProject
Project("{8BC9CEB8-8B4A-11D0-8D11-00A0C91BC942}") = "CAAAfrCustomizedCommandHeader.m", "CAAApplicationFrame.edu\CAAAfrCustomizedCommandHeader.m.vcxproj", "{0BCEC771-FD06-4311-AF1E-098BA70AAFE2}"
EndProject
Project("{8BC9CEB8-8B4A-11D0-8D11-00A0C91BC942}") = "CAAAfrGeneralWksAddin.m", "CAAApplicationFrame.edu\CAAAfrGeneralWksAddin.m.vcxproj", "{DFF081BD-38F5-469E-8290-38896DEBEE12}"
EndProject
Project("{8BC9CEB8-8B4A-11D0-8D11-00A0C91BC942}") = "CAAAfrGeoAnalysisWbench.m", "CAAApplicationFrame.edu\CAAAfrGeoAnalysisWbench.m.vcxproj", "{C3194567-CD17-424E-8C49-D635B0A9A66A}"
EndProject
Project("{8BC9CEB8-8B4A-11D0-8D11-00A0C91BC942}") = "CAAAfrGeoCommands.m", "CAAApplicationFrame.edu\CAAAfrGeoCommands.m.vcxproj", "{87012228-278A-4806-AA5E-748E5404A874}"
EndProject
Project("{8BC9CEB8-8B4A-11D0-8D11-00A0C91BC942}") = "CAAAfrGeoCreationWbench.m", "CAAApplicationFrame.edu\CAAAfrGeoCreationWbench.m.vcxproj", "{BA799A87-DF9B-4D04-A4BD-A8E5CFF1FF1E}"
EndProject
Project("{8BC9CEB8-8B4A-11D0-8D11-00A0C91BC942}") = "CAAAfrGeoCreationWkbAddin.m", "CAAApplicationFrame.edu\CAAAfrGeoCreationWkbAddin.m.vcxproj", "{9F90A582-F730-4EEE-80E6-BC173D49A41B}"
EndProject
Project("{8BC9CEB8-8B4A-11D0-8D11-00A0C91BC942}") = "CAAAfrGeoDocument.m", "CAAApplicationFrame.edu\CAAAfrGeoDocument.m.vcxproj", "{B5F6E1EC-714F-4118-98F7-2AE5E434DD7C}"
EndProject
Project("{8BC9CEB8-8B4A-11D0-8D11-00A0C91BC942}") = "CAAAfrGeoEdition.m", "CAAApplicationFrame.edu\CAAAfrGeoEdition.m.vcxproj", "{D24DDE99-70E9-4033-A307-6412A2499184}"
EndProject
Project("{8BC9CEB8-8B4A-11D0-8D11-00A0C91BC942}") = "CAAAfrGeometryWksTransition.m", "CAAApplicationFrame.edu\CAAAfrGeometryWksTransition.m.vcxproj", "{030A2DB4-84AA-45D4-9546-E64F5C84CB7D}"
EndProject
Project("{8BC9CEB8-8B4A-11D0-8D11-00A0C91BC942}") = "CAAAfrGeometryWshop.m", "CAAApplicationFrame.edu\CAAAfrGeometryWshop.m.vcxproj", "{18F8796A-723C-4D7A-9D22-76526774B530}"
EndProject
Project("{8BC9CEB8-8B4A-11D0-8D11-00A0C91BC942}") = "CAAAfrGeoModel.m", "CAAApplicationFrame.edu\CAAAfrGeoModel.m.vcxproj", "{14583290-B267-48B1-BAA1-D547A277FBF8}"
EndProject
Project("{8BC9CEB8-8B4A-11D0-8D11-00A0C91BC942}") = "CAAAfrGeoSubMenu.m", "CAAApplicationFrame.edu\CAAAfrGeoSubMenu.m.vcxproj", "{BD6AA874-A5D2-4F0E-8347-C824EAB63A50}"
EndProject
Project("{8BC9CEB8-8B4A-11D0-8D11-00A0C91BC942}") = "CAAAfrGeoWindows.m", "CAAApplicationFrame.edu\CAAAfrGeoWindows.m.vcxproj", "{C8A1DFD8-A7DD-4B05-9AC5-AE5C8132FC5F}"
EndProject
Project("{8BC9CEB8-8B4A-11D0-8D11-00A0C91BC942}") = "CAAAfrGeoWksAddin.m", "CAAApplicationFrame.edu\CAAAfrGeoWksAddin.m.vcxproj", "{94D29C32-7023-46B1-A104-ABF6BC0BEDD1}"
EndProject
Project("{8BC9CEB8-8B4A-11D0-8D11-00A0C91BC942}") = "CAAAfrGeoWksAddin2.m", "CAAApplicationFrame.edu\CAAAfrGeoWksAddin2.m.vcxproj", "{86ADEF20-B4B0-44DF-BD06-4A42995E51B9}"
EndProject
Project("{8BC9CEB8-8B4A-11D0-8D11-00A0C91BC942}") = "CAAAfrInitialWorkbench.m", "CAAApplicationFrame.edu\CAAAfrInitialWorkbench.m.vcxproj", "{766D72FA-673A-4784-B639-6AEB537A1FF4}"
EndProject
Project("{8BC9CEB8-8B4A-11D0-8D11-00A0C91BC942}") = "CAAAfrPaletteOptions.m", "CAAApplicationFrame.edu\CAAAfrPaletteOptions.m.vcxproj", "{59683892-F4C2-4FC0-BCAC-51D988BDBEFC}"
EndProject
Project("{8BC9CEB8-8B4A-11D0-8D11-00A0C91BC942}") = "CAAAfrProductLine.m", "CAAApplicationFrame.edu\CAAAfrProductLine.m.vcxproj", "{EBFCF267-EACC-45ED-AAC2-DF6A81BCA9C0}"
EndProject
Project("{8BC9CEB8-8B4A-11D0-8D11-00A0C91BC942}") = "CAAAfrProgressTask.m", "CAAApplicationFrame.edu\CAAAfrProgressTask.m.vcxproj", "{4DC08F3B-728A-4ECF-96C7-29285C613150}"
EndProject
Project("{8BC9CEB8-8B4A-11D0-8D11-00A0C91BC942}") = "CAAAfrSampleDocument.m", "CAAApplicationFrame.edu\CAAAfrSampleDocument.m.vcxproj", "{014E3DFE-3F8A-4F33-BD26-78B13A3C6BAB}"
EndProject
Project("{2150E333-8FDC-42A3-9474-1A3956D46DE8}") = "FW_CAAVisualization.edu", "FW_CAAVisualization.edu", "{9B928576-C0EF-4EAB-9F91-B4D8A4846150}"
EndProject
Project("{8BC9CEB8-8B4A-11D0-8D11-00A0C91BC942}") = "CAAVisualization.edu", "CAAVisualization.edu.vcxproj", "{228903A2-5ABB-4FFD-BAC5-36B0AF45BE29}"
EndProject
Project("{8BC9CEB8-8B4A-11D0-8D11-00A0C91BC942}") = "CAAVisBasicAppli.m", "CAAVisualization.edu\CAAVisBasicAppli.m.vcxproj", "{11CFFE44-2593-4DF9-B012-85856A09FDE4}"
EndProject
Project("{8BC9CEB8-8B4A-11D0-8D11-00A0C91BC942}") = "CAAVisBasics.m", "CAAVisualization.edu\CAAVisBasics.m.vcxproj", "{E4BACAEF-D512-4292-AFB3-F7915C32FEE7}"
EndProject
Project("{8BC9CEB8-8B4A-11D0-8D11-00A0C91BC942}") = "CAAVisGeoModel.m", "CAAVisualization.edu\CAAVisGeoModel.m.vcxproj", "{ACB615C8-EABD-4836-9A63-42933F8A7ED6}"
EndProject
Project("{8BC9CEB8-8B4A-11D0-8D11-00A0C91BC942}") = "CAAVisGeoModelInt.m", "CAAVisualization.edu\CAAVisGeoModelInt.m.vcxproj", "{9EFB9B65-B837-40F0-86BC-541043534423}"
EndProject
Project("{8BC9CEB8-8B4A-11D0-8D11-00A0C91BC942}") = "CAAVisManagerAppli.m", "CAAVisualization.edu\CAAVisManagerAppli.m.vcxproj", "{470F67D5-8324-4683-A021-2A3ED35F9969}"
EndProject
Project("{8BC9CEB8-8B4A-11D0-8D11-00A0C91BC942}") = "CAAVisManagerComp.m", "CAAVisualization.edu\CAAVisManagerComp.m.vcxproj", "{785A1333-DDE1-4C5C-BA59-4687718977D8}"
EndProject
Project("{8BC9CEB8-8B4A-11D0-8D11-00A0C91BC942}") = "CAAVisManagerImpl.m", "CAAVisualization.edu\CAAVisManagerImpl.m.vcxproj", "{030FC0D2-8B07-4251-AE06-C3BD6CE99076}"
EndProject
Project("{8BC9CEB8-8B4A-11D0-8D11-00A0C91BC942}") = "CAAVisManagerInt.m", "CAAVisualization.edu\CAAVisManagerInt.m.vcxproj", "{B3011D0A-14CF-4F6E-8053-23F01574066D}"
EndProject
Project("{8BC9CEB8-8B4A-11D0-8D11-00A0C91BC942}") = "CAAVisModelForRep.m", "CAAVisualization.edu\CAAVisModelForRep.m.vcxproj", "{2ED0489A-D245-4DC0-AEA1-A63D145E86D5}"
EndProject
Project("{8BC9CEB8-8B4A-11D0-8D11-00A0C91BC942}") = "CAAVisRep.m", "CAAVisualization.edu\CAAVisRep.m.vcxproj", "{A7E75CA3-5E3C-4A8F-9C30-58A3DB4B8B2C}"
EndProject
Project("{8BC9CEB8-8B4A-11D0-8D11-00A0C91BC942}") = "CAAVisWireBoxComp.m", "CAAVisualization.edu\CAAVisWireBoxComp.m.vcxproj", "{64464D3C-3583-46DC-AD3C-68EFC7A15295}"
EndProject
Project("{2150E333-8FDC-42A3-9474-1A3956D46DE8}") = "FW_CAASystem.edu", "FW_CAASystem.edu", "{B262480A-C4D1-4140-BB34-8261A8144281}"
EndProject
Project("{8BC9CEB8-8B4A-11D0-8D11-00A0C91BC942}") = "CAASystem.edu", "CAASystem.edu.vcxproj", "{4487A113-433C-45F7-BC74-872001F7873E}"
EndProject
Global
	GlobalSection(SolutionConfigurationPlatforms) = preSolution
		Debug|Win32 = Debug|Win32
		Release|Win32 = Release|Win32
	EndGlobalSection
	GlobalSection(ProjectConfigurationPlatforms) = postSolution
		{D1E7089F-697F-43C3-BED1-92DD952222DA}.Debug|Win32.ActiveCfg = Debug|Win32
		{D1E7089F-697F-43C3-BED1-92DD952222DA}.Debug|Win32.Build.0 = Debug|Win32
		{D1E7089F-697F-43C3-BED1-92DD952222DA}.Release|Win32.ActiveCfg = Release|Win32
		{D1E7089F-697F-43C3-BED1-92DD952222DA}.Release|Win32.Build.0 = Release|Win32
		{FF78B046-B774-45A0-A14A-C5FD877DE24A}.Debug|Win32.ActiveCfg = Debug|Win32
		{FF78B046-B774-45A0-A14A-C5FD877DE24A}.Debug|Win32.Build.0 = Debug|Win32
		{FF78B046-B774-45A0-A14A-C5FD877DE24A}.Release|Win32.ActiveCfg = Release|Win32
		{FF78B046-B774-45A0-A14A-C5FD877DE24A}.Release|Win32.Build.0 = Release|Win32
		{93B3C9F2-072D-41B3-BA8B-1757ADAC53D7}.Debug|Win32.ActiveCfg = Debug|Win32
		{93B3C9F2-072D-41B3-BA8B-1757ADAC53D7}.Debug|Win32.Build.0 = Debug|Win32
		{93B3C9F2-072D-41B3-BA8B-1757ADAC53D7}.Release|Win32.ActiveCfg = Release|Win32
		{93B3C9F2-072D-41B3-BA8B-1757ADAC53D7}.Release|Win32.Build.0 = Release|Win32
		{002A1B52-A2BB-4AC9-9F66-12F953F2B200}.Debug|Win32.ActiveCfg = Debug|Win32
		{002A1B52-A2BB-4AC9-9F66-12F953F2B200}.Debug|Win32.Build.0 = Debug|Win32
		{002A1B52-A2BB-4AC9-9F66-12F953F2B200}.Release|Win32.ActiveCfg = Release|Win32
		{002A1B52-A2BB-4AC9-9F66-12F953F2B200}.Release|Win32.Build.0 = Release|Win32
		{4D86A664-A8C9-4BF0-95A9-36376F9D1B17}.Debug|Win32.ActiveCfg = Debug|Win32
		{4D86A664-A8C9-4BF0-95A9-36376F9D1B17}.Debug|Win32.Build.0 = Debug|Win32
		{4D86A664-A8C9-4BF0-95A9-36376F9D1B17}.Release|Win32.ActiveCfg = Release|Win32
		{4D86A664-A8C9-4BF0-95A9-36376F9D1B17}.Release|Win32.Build.0 = Release|Win32
		{9D7D2138-99C8-47C5-845C-AB4860D6D2E2}.Debug|Win32.ActiveCfg = Debug|Win32
		{9D7D2138-99C8-47C5-845C-AB4860D6D2E2}.Debug|Win32.Build.0 = Debug|Win32
		{9D7D2138-99C8-47C5-845C-AB4860D6D2E2}.Release|Win32.ActiveCfg = Release|Win32
		{9D7D2138-99C8-47C5-845C-AB4860D6D2E2}.Release|Win32.Build.0 = Release|Win32
		{0BCEC771-FD06-4311-AF1E-098BA70AAFE2}.Debug|Win32.ActiveCfg = Debug|Win32
		{0BCEC771-FD06-4311-AF1E-098BA70AAFE2}.Debug|Win32.Build.0 = Debug|Win32
		{0BCEC771-FD06-4311-AF1E-098BA70AAFE2}.Release|Win32.ActiveCfg = Release|Win32
		{0BCEC771-FD06-4311-AF1E-098BA70AAFE2}.Release|Win32.Build.0 = Release|Win32
		{DFF081BD-38F5-469E-8290-38896DEBEE12}.Debug|Win32.ActiveCfg = Debug|Win32
		{DFF081BD-38F5-469E-8290-38896DEBEE12}.Debug|Win32.Build.0 = Debug|Win32
		{DFF081BD-38F5-469E-8290-38896DEBEE12}.Release|Win32.ActiveCfg = Release|Win32
		{DFF081BD-38F5-469E-8290-38896DEBEE12}.Release|Win32.Build.0 = Release|Win32
		{C3194567-CD17-424E-8C49-D635B0A9A66A}.Debug|Win32.ActiveCfg = Debug|Win32
		{C3194567-CD17-424E-8C49-D635B0A9A66A}.Debug|Win32.Build.0 = Debug|Win32
		{C3194567-CD17-424E-8C49-D635B0A9A66A}.Release|Win32.ActiveCfg = Release|Win32
		{C3194567-CD17-424E-8C49-D635B0A9A66A}.Release|Win32.Build.0 = Release|Win32
		{87012228-278A-4806-AA5E-748E5404A874}.Debug|Win32.ActiveCfg = Debug|Win32
		{87012228-278A-4806-AA5E-748E5404A874}.Debug|Win32.Build.0 = Debug|Win32
		{87012228-278A-4806-AA5E-748E5404A874}.Release|Win32.ActiveCfg = Release|Win32
		{87012228-278A-4806-AA5E-748E5404A874}.Release|Win32.Build.0 = Release|Win32
		{BA799A87-DF9B-4D04-A4BD-A8E5CFF1FF1E}.Debug|Win32.ActiveCfg = Debug|Win32
		{BA799A87-DF9B-4D04-A4BD-A8E5CFF1FF1E}.Debug|Win32.Build.0 = Debug|Win32
		{BA799A87-DF9B-4D04-A4BD-A8E5CFF1FF1E}.Release|Win32.ActiveCfg = Release|Win32
		{BA799A87-DF9B-4D04-A4BD-A8E5CFF1FF1E}.Release|Win32.Build.0 = Release|Win32
		{9F90A582-F730-4EEE-80E6-BC173D49A41B}.Debug|Win32.ActiveCfg = Debug|Win32
		{9F90A582-F730-4EEE-80E6-BC173D49A41B}.Debug|Win32.Build.0 = Debug|Win32
		{9F90A582-F730-4EEE-80E6-BC173D49A41B}.Release|Win32.ActiveCfg = Release|Win32
		{9F90A582-F730-4EEE-80E6-BC173D49A41B}.Release|Win32.Build.0 = Release|Win32
		{B5F6E1EC-714F-4118-98F7-2AE5E434DD7C}.Debug|Win32.ActiveCfg = Debug|Win32
		{B5F6E1EC-714F-4118-98F7-2AE5E434DD7C}.Debug|Win32.Build.0 = Debug|Win32
		{B5F6E1EC-714F-4118-98F7-2AE5E434DD7C}.Release|Win32.ActiveCfg = Release|Win32
		{B5F6E1EC-714F-4118-98F7-2AE5E434DD7C}.Release|Win32.Build.0 = Release|Win32
		{D24DDE99-70E9-4033-A307-6412A2499184}.Debug|Win32.ActiveCfg = Debug|Win32
		{D24DDE99-70E9-4033-A307-6412A2499184}.Debug|Win32.Build.0 = Debug|Win32
		{D24DDE99-70E9-4033-A307-6412A2499184}.Release|Win32.ActiveCfg = Release|Win32
		{D24DDE99-70E9-4033-A307-6412A2499184}.Release|Win32.Build.0 = Release|Win32
		{030A2DB4-84AA-45D4-9546-E64F5C84CB7D}.Debug|Win32.ActiveCfg = Debug|Win32
		{030A2DB4-84AA-45D4-9546-E64F5C84CB7D}.Debug|Win32.Build.0 = Debug|Win32
		{030A2DB4-84AA-45D4-9546-E64F5C84CB7D}.Release|Win32.ActiveCfg = Release|Win32
		{030A2DB4-84AA-45D4-9546-E64F5C84CB7D}.Release|Win32.Build.0 = Release|Win32
		{18F8796A-723C-4D7A-9D22-76526774B530}.Debug|Win32.ActiveCfg = Debug|Win32
		{18F8796A-723C-4D7A-9D22-76526774B530}.Debug|Win32.Build.0 = Debug|Win32
		{18F8796A-723C-4D7A-9D22-76526774B530}.Release|Win32.ActiveCfg = Release|Win32
		{18F8796A-723C-4D7A-9D22-76526774B530}.Release|Win32.Build.0 = Release|Win32
		{14583290-B267-48B1-BAA1-D547A277FBF8}.Debug|Win32.ActiveCfg = Debug|Win32
		{14583290-B267-48B1-BAA1-D547A277FBF8}.Debug|Win32.Build.0 = Debug|Win32
		{14583290-B267-48B1-BAA1-D547A277FBF8}.Release|Win32.ActiveCfg = Release|Win32
		{14583290-B267-48B1-BAA1-D547A277FBF8}.Release|Win32.Build.0 = Release|Win32
		{BD6AA874-A5D2-4F0E-8347-C824EAB63A50}.Debug|Win32.ActiveCfg = Debug|Win32
		{BD6AA874-A5D2-4F0E-8347-C824EAB63A50}.Debug|Win32.Build.0 = Debug|Win32
		{BD6AA874-A5D2-4F0E-8347-C824EAB63A50}.Release|Win32.ActiveCfg = Release|Win32
		{BD6AA874-A5D2-4F0E-8347-C824EAB63A50}.Release|Win32.Build.0 = Release|Win32
		{C8A1DFD8-A7DD-4B05-9AC5-AE5C8132FC5F}.Debug|Win32.ActiveCfg = Debug|Win32
		{C8A1DFD8-A7DD-4B05-9AC5-AE5C8132FC5F}.Debug|Win32.Build.0 = Debug|Win32
		{C8A1DFD8-A7DD-4B05-9AC5-AE5C8132FC5F}.Release|Win32.ActiveCfg = Release|Win32
		{C8A1DFD8-A7DD-4B05-9AC5-AE5C8132FC5F}.Release|Win32.Build.0 = Release|Win32
		{94D29C32-7023-46B1-A104-ABF6BC0BEDD1}.Debug|Win32.ActiveCfg = Debug|Win32
		{94D29C32-7023-46B1-A104-ABF6BC0BEDD1}.Debug|Win32.Build.0 = Debug|Win32
		{94D29C32-7023-46B1-A104-ABF6BC0BEDD1}.Release|Win32.ActiveCfg = Release|Win32
		{94D29C32-7023-46B1-A104-ABF6BC0BEDD1}.Release|Win32.Build.0 = Release|Win32
		{86ADEF20-B4B0-44DF-BD06-4A42995E51B9}.Debug|Win32.ActiveCfg = Debug|Win32
		{86ADEF20-B4B0-44DF-BD06-4A42995E51B9}.Debug|Win32.Build.0 = Debug|Win32
		{86ADEF20-B4B0-44DF-BD06-4A42995E51B9}.Release|Win32.ActiveCfg = Release|Win32
		{86ADEF20-B4B0-44DF-BD06-4A42995E51B9}.Release|Win32.Build.0 = Release|Win32
		{766D72FA-673A-4784-B639-6AEB537A1FF4}.Debug|Win32.ActiveCfg = Debug|Win32
		{766D72FA-673A-4784-B639-6AEB537A1FF4}.Debug|Win32.Build.0 = Debug|Win32
		{766D72FA-673A-4784-B639-6AEB537A1FF4}.Release|Win32.ActiveCfg = Release|Win32
		{766D72FA-673A-4784-B639-6AEB537A1FF4}.Release|Win32.Build.0 = Release|Win32
		{59683892-F4C2-4FC0-BCAC-51D988BDBEFC}.Debug|Win32.ActiveCfg = Debug|Win32
		{59683892-F4C2-4FC0-BCAC-51D988BDBEFC}.Debug|Win32.Build.0 = Debug|Win32
		{59683892-F4C2-4FC0-BCAC-51D988BDBEFC}.Release|Win32.ActiveCfg = Release|Win32
		{59683892-F4C2-4FC0-BCAC-51D988BDBEFC}.Release|Win32.Build.0 = Release|Win32
		{EBFCF267-EACC-45ED-AAC2-DF6A81BCA9C0}.Debug|Win32.ActiveCfg = Debug|Win32
		{EBFCF267-EACC-45ED-AAC2-DF6A81BCA9C0}.Debug|Win32.Build.0 = Debug|Win32
		{EBFCF267-EACC-45ED-AAC2-DF6A81BCA9C0}.Release|Win32.ActiveCfg = Release|Win32
		{EBFCF267-EACC-45ED-AAC2-DF6A81BCA9C0}.Release|Win32.Build.0 = Release|Win32
		{4DC08F3B-728A-4ECF-96C7-29285C613150}.Debug|Win32.ActiveCfg = Debug|Win32
		{4DC08F3B-728A-4ECF-96C7-29285C613150}.Debug|Win32.Build.0 = Debug|Win32
		{4DC08F3B-728A-4ECF-96C7-29285C613150}.Release|Win32.ActiveCfg = Release|Win32
		{4DC08F3B-728A-4ECF-96C7-29285C613150}.Release|Win32.Build.0 = Release|Win32
		{014E3DFE-3F8A-4F33-BD26-78B13A3C6BAB}.Debug|Win32.ActiveCfg = Debug|Win32
		{014E3DFE-3F8A-4F33-BD26-78B13A3C6BAB}.Debug|Win32.Build.0 = Debug|Win32
		{014E3DFE-3F8A-4F33-BD26-78B13A3C6BAB}.Release|Win32.ActiveCfg = Release|Win32
		{014E3DFE-3F8A-4F33-BD26-78B13A3C6BAB}.Release|Win32.Build.0 = Release|Win32
		{228903A2-5ABB-4FFD-BAC5-36B0AF45BE29}.Debug|Win32.ActiveCfg = Debug|Win32
		{228903A2-5ABB-4FFD-BAC5-36B0AF45BE29}.Debug|Win32.Build.0 = Debug|Win32
		{228903A2-5ABB-4FFD-BAC5-36B0AF45BE29}.Release|Win32.ActiveCfg = Release|Win32
		{228903A2-5ABB-4FFD-BAC5-36B0AF45BE29}.Release|Win32.Build.0 = Release|Win32
		{11CFFE44-2593-4DF9-B012-85856A09FDE4}.Debug|Win32.ActiveCfg = Debug|Win32
		{11CFFE44-2593-4DF9-B012-85856A09FDE4}.Debug|Win32.Build.0 = Debug|Win32
		{11CFFE44-2593-4DF9-B012-85856A09FDE4}.Release|Win32.ActiveCfg = Release|Win32
		{11CFFE44-2593-4DF9-B012-85856A09FDE4}.Release|Win32.Build.0 = Release|Win32
		{E4BACAEF-D512-4292-AFB3-F7915C32FEE7}.Debug|Win32.ActiveCfg = Debug|Win32
		{E4BACAEF-D512-4292-AFB3-F7915C32FEE7}.Debug|Win32.Build.0 = Debug|Win32
		{E4BACAEF-D512-4292-AFB3-F7915C32FEE7}.Release|Win32.ActiveCfg = Release|Win32
		{E4BACAEF-D512-4292-AFB3-F7915C32FEE7}.Release|Win32.Build.0 = Release|Win32
		{ACB615C8-EABD-4836-9A63-42933F8A7ED6}.Debug|Win32.ActiveCfg = Debug|Win32
		{ACB615C8-EABD-4836-9A63-42933F8A7ED6}.Debug|Win32.Build.0 = Debug|Win32
		{ACB615C8-EABD-4836-9A63-42933F8A7ED6}.Release|Win32.ActiveCfg = Release|Win32
		{ACB615C8-EABD-4836-9A63-42933F8A7ED6}.Release|Win32.Build.0 = Release|Win32
		{9EFB9B65-B837-40F0-86BC-541043534423}.Debug|Win32.ActiveCfg = Debug|Win32
		{9EFB9B65-B837-40F0-86BC-541043534423}.Debug|Win32.Build.0 = Debug|Win32
		{9EFB9B65-B837-40F0-86BC-541043534423}.Release|Win32.ActiveCfg = Release|Win32
		{9EFB9B65-B837-40F0-86BC-541043534423}.Release|Win32.Build.0 = Release|Win32
		{470F67D5-8324-4683-A021-2A3ED35F9969}.Debug|Win32.ActiveCfg = Debug|Win32
		{470F67D5-8324-4683-A021-2A3ED35F9969}.Debug|Win32.Build.0 = Debug|Win32
		{470F67D5-8324-4683-A021-2A3ED35F9969}.Release|Win32.ActiveCfg = Release|Win32
		{470F67D5-8324-4683-A021-2A3ED35F9969}.Release|Win32.Build.0 = Release|Win32
		{785A1333-DDE1-4C5C-BA59-4687718977D8}.Debug|Win32.ActiveCfg = Debug|Win32
		{785A1333-DDE1-4C5C-BA59-4687718977D8}.Debug|Win32.Build.0 = Debug|Win32
		{785A1333-DDE1-4C5C-BA59-4687718977D8}.Release|Win32.ActiveCfg = Release|Win32
		{785A1333-DDE1-4C5C-BA59-4687718977D8}.Release|Win32.Build.0 = Release|Win32
		{030FC0D2-8B07-4251-AE06-C3BD6CE99076}.Debug|Win32.ActiveCfg = Debug|Win32
		{030FC0D2-8B07-4251-AE06-C3BD6CE99076}.Debug|Win32.Build.0 = Debug|Win32
		{030FC0D2-8B07-4251-AE06-C3BD6CE99076}.Release|Win32.ActiveCfg = Release|Win32
		{030FC0D2-8B07-4251-AE06-C3BD6CE99076}.Release|Win32.Build.0 = Release|Win32
		{B3011D0A-14CF-4F6E-8053-23F01574066D}.Debug|Win32.ActiveCfg = Debug|Win32
		{B3011D0A-14CF-4F6E-8053-23F01574066D}.Debug|Win32.Build.0 = Debug|Win32
		{B3011D0A-14CF-4F6E-8053-23F01574066D}.Release|Win32.ActiveCfg = Release|Win32
		{B3011D0A-14CF-4F6E-8053-23F01574066D}.Release|Win32.Build.0 = Release|Win32
		{2ED0489A-D245-4DC0-AEA1-A63D145E86D5}.Debug|Win32.ActiveCfg = Debug|Win32
		{2ED0489A-D245-4DC0-AEA1-A63D145E86D5}.Debug|Win32.Build.0 = Debug|Win32
		{2ED0489A-D245-4DC0-AEA1-A63D145E86D5}.Release|Win32.ActiveCfg = Release|Win32
		{2ED0489A-D245-4DC0-AEA1-A63D145E86D5}.Release|Win32.Build.0 = Release|Win32
		{A7E75CA3-5E3C-4A8F-9C30-58A3DB4B8B2C}.Debug|Win32.ActiveCfg = Debug|Win32
		{A7E75CA3-5E3C-4A8F-9C30-58A3DB4B8B2C}.Debug|Win32.Build.0 = Debug|Win32
		{A7E75CA3-5E3C-4A8F-9C30-58A3DB4B8B2C}.Release|Win32.ActiveCfg = Release|Win32
		{A7E75CA3-5E3C-4A8F-9C30-58A3DB4B8B2C}.Release|Win32.Build.0 = Release|Win32
		{64464D3C-3583-46DC-AD3C-68EFC7A15295}.Debug|Win32.ActiveCfg = Debug|Win32
		{64464D3C-3583-46DC-AD3C-68EFC7A15295}.Debug|Win32.Build.0 = Debug|Win32
		{64464D3C-3583-46DC-AD3C-68EFC7A15295}.Release|Win32.ActiveCfg = Release|Win32
		{64464D3C-3583-46DC-AD3C-68EFC7A15295}.Release|Win32.Build.0 = Release|Win32
		{4487A113-433C-45F7-BC74-872001F7873E}.Debug|Win32.ActiveCfg = Debug|Win32
		{4487A113-433C-45F7-BC74-872001F7873E}.Debug|Win32.Build.0 = Debug|Win32
		{4487A113-433C-45F7-BC74-872001F7873E}.Release|Win32.ActiveCfg = Release|Win32
		{4487A113-433C-45F7-BC74-872001F7873E}.Release|Win32.Build.0 = Release|Win32
	EndGlobalSection
	GlobalSection(SolutionProperties) = preSolution
		HideSolutionNode = FALSE
	EndGlobalSection
	GlobalSection(NestedProjects) = preSolution
		{D1E7089F-697F-43C3-BED1-92DD952222DA} = {741ECE01-4FCC-4682-A6B2-8A416CD184C6}
		{FF78B046-B774-45A0-A14A-C5FD877DE24A} = {741ECE01-4FCC-4682-A6B2-8A416CD184C6}
		{93B3C9F2-072D-41B3-BA8B-1757ADAC53D7} = {741ECE01-4FCC-4682-A6B2-8A416CD184C6}
		{002A1B52-A2BB-4AC9-9F66-12F953F2B200} = {741ECE01-4FCC-4682-A6B2-8A416CD184C6}
		{4D86A664-A8C9-4BF0-95A9-36376F9D1B17} = {0C9063A8-ADAF-4452-9E94-B1A25CB97C4C}
		{9D7D2138-99C8-47C5-845C-AB4860D6D2E2} = {0C9063A8-ADAF-4452-9E94-B1A25CB97C4C}
		{0BCEC771-FD06-4311-AF1E-098BA70AAFE2} = {0C9063A8-ADAF-4452-9E94-B1A25CB97C4C}
		{DFF081BD-38F5-469E-8290-38896DEBEE12} = {0C9063A8-ADAF-4452-9E94-B1A25CB97C4C}
		{C3194567-CD17-424E-8C49-D635B0A9A66A} = {0C9063A8-ADAF-4452-9E94-B1A25CB97C4C}
		{87012228-278A-4806-AA5E-748E5404A874} = {0C9063A8-ADAF-4452-9E94-B1A25CB97C4C}
		{BA799A87-DF9B-4D04-A4BD-A8E5CFF1FF1E} = {0C9063A8-ADAF-4452-9E94-B1A25CB97C4C}
		{9F90A582-F730-4EEE-80E6-BC173D49A41B} = {0C9063A8-ADAF-4452-9E94-B1A25CB97C4C}
		{B5F6E1EC-714F-4118-98F7-2AE5E434DD7C} = {0C9063A8-ADAF-4452-9E94-B1A25CB97C4C}
		{D24DDE99-70E9-4033-A307-6412A2499184} = {0C9063A8-ADAF-4452-9E94-B1A25CB97C4C}
		{030A2DB4-84AA-45D4-9546-E64F5C84CB7D} = {0C9063A8-ADAF-4452-9E94-B1A25CB97C4C}
		{18F8796A-723C-4D7A-9D22-76526774B530} = {0C9063A8-ADAF-4452-9E94-B1A25CB97C4C}
		{14583290-B267-48B1-BAA1-D547A277FBF8} = {0C9063A8-ADAF-4452-9E94-B1A25CB97C4C}
		{BD6AA874-A5D2-4F0E-8347-C824EAB63A50} = {0C9063A8-ADAF-4452-9E94-B1A25CB97C4C}
		{C8A1DFD8-A7DD-4B05-9AC5-AE5C8132FC5F} = {0C9063A8-ADAF-4452-9E94-B1A25CB97C4C}
		{94D29C32-7023-46B1-A104-ABF6BC0BEDD1} = {0C9063A8-ADAF-4452-9E94-B1A25CB97C4C}
		{86ADEF20-B4B0-44DF-BD06-4A42995E51B9} = {0C9063A8-ADAF-4452-9E94-B1A25CB97C4C}
		{766D72FA-673A-4784-B639-6AEB537A1FF4} = {0C9063A8-ADAF-4452-9E94-B1A25CB97C4C}
		{59683892-F4C2-4FC0-BCAC-51D988BDBEFC} = {0C9063A8-ADAF-4452-9E94-B1A25CB97C4C}
		{EBFCF267-EACC-45ED-AAC2-DF6A81BCA9C0} = {0C9063A8-ADAF-4452-9E94-B1A25CB97C4C}
		{4DC08F3B-728A-4ECF-96C7-29285C613150} = {0C9063A8-ADAF-4452-9E94-B1A25CB97C4C}
		{014E3DFE-3F8A-4F33-BD26-78B13A3C6BAB} = {0C9063A8-ADAF-4452-9E94-B1A25CB97C4C}
		{228903A2-5ABB-4FFD-BAC5-36B0AF45BE29} = {9B928576-C0EF-4EAB-9F91-B4D8A4846150}
		{11CFFE44-2593-4DF9-B012-85856A09FDE4} = {9B928576-C0EF-4EAB-9F91-B4D8A4846150}
		{E4BACAEF-D512-4292-AFB3-F7915C32FEE7} = {9B928576-C0EF-4EAB-9F91-B4D8A4846150}
		{ACB615C8-EABD-4836-9A63-42933F8A7ED6} = {9B928576-C0EF-4EAB-9F91-B4D8A4846150}
		{9EFB9B65-B837-40F0-86BC-541043534423} = {9B928576-C0EF-4EAB-9F91-B4D8A4846150}
		{470F67D5-8324-4683-A021-2A3ED35F9969} = {9B928576-C0EF-4EAB-9F91-B4D8A4846150}
		{785A1333-DDE1-4C5C-BA59-4687718977D8} = {9B928576-C0EF-4EAB-9F91-B4D8A4846150}
		{030FC0D2-8B07-4251-AE06-C3BD6CE99076} = {9B928576-C0EF-4EAB-9F91-B4D8A4846150}
		{B3011D0A-14CF-4F6E-8053-23F01574066D} = {9B928576-C0EF-4EAB-9F91-B4D8A4846150}
		{2ED0489A-D245-4DC0-AEA1-A63D145E86D5} = {9B928576-C0EF-4EAB-9F91-B4D8A4846150}
		{A7E75CA3-5E3C-4A8F-9C30-58A3DB4B8B2C} = {9B928576-C0EF-4EAB-9F91-B4D8A4846150}
		{64464D3C-3583-46DC-AD3C-68EFC7A15295} = {9B928576-C0EF-4EAB-9F91-B4D8A4846150}
		{4487A113-433C-45F7-BC74-872001F7873E} = {B262480A-C4D1-4140-BB34-8261A8144281}
	EndGlobalSection
EndGlobal
